
Microsoft Visual Studio Solution File, Format Version 12.00
# Visual Studio 14
VisualStudioVersion = 14.0.25123.0
MinimumVisualStudioVersion = 10.0.40219.1
Project("{262852C6-CD72-467D-83FE-5EEB1973A190}") = "Leon", "Leon\Leon.jsproj", "{4A60A01E-82E7-4E35-9FA6-A8F9A24C20E6}"
EndProject
Project("{FAE04EC0-301F-11D3-BF4B-00C04F79EFBC}") = "LeonAPI", "LeonAPI\LeonAPI.csproj", "{D0661C03-9A2F-4C85-BFAF-90B3B2FE0736}"
EndProject
Project("{FAE04EC0-301F-11D3-BF4B-00C04F79EFBC}") = "LeonModels", "LeonModels\LeonModels.csproj", "{E2D10665-6D40-41FA-BD01-502515F0747B}"
EndProject
Project("{262852C6-CD72-467D-83FE-5EEB1973A190}") = "LeonAdmin", "LeonAdmin\LeonAdmin.jsproj", "{C5A95B2A-FED1-418D-A9F4-7B80914F640A}"
EndProject
Project("{FAE04EC0-301F-11D3-BF4B-00C04F79EFBC}") = "ImportCities", "ImportCities\ImportCities.csproj", "{C09505F3-9ABD-4870-832C-C8BD2AD2A104}"
EndProject
Project("{FAE04EC0-301F-11D3-BF4B-00C04F79EFBC}") = "WValidicUserImport", "WValidicUserImport\WValidicUserImport.csproj", "{5D5519BB-F4CA-4858-8ADF-EB990A6B82EB}"
EndProject
Project("{FAE04EC0-301F-11D3-BF4B-00C04F79EFBC}") = "WValidicImport", "WValidicImport\WValidicImport.csproj", "{8BF64FF6-CCD6-41B7-B562-D12841A721E0}"
EndProject
Project("{FAE04EC0-301F-11D3-BF4B-00C04F79EFBC}") = "UserFirstTime", "UserFirstTime\UserFirstTime.csproj", "{BCDE73D9-5DA4-4635-9897-5F0557899324}"
EndProject
Project("{FAE04EC0-301F-11D3-BF4B-00C04F79EFBC}") = "ValidicUpdate", "ValidicUpdate\ValidicUpdate.csproj", "{4CDC9763-9273-4AA9-9804-75D01421E7C2}"
EndProject
Project("{FAE04EC0-301F-11D3-BF4B-00C04F79EFBC}") = "LeonAPICalculations", "LeonAPICalculations\LeonAPICalculations.csproj", "{46E9DBDB-235C-4C2B-AD62-C63380A2B9C1}"
EndProject
Project("{FAE04EC0-301F-11D3-BF4B-00C04F79EFBC}") = "LeonAPICalculationsTest", "LeonAPICalculationsTest\LeonAPICalculationsTest.csproj", "{7B2F5788-0D7F-44E5-90E0-D584A1386A75}"
EndProject
Project("{FAE04EC0-301F-11D3-BF4B-00C04F79EFBC}") = "LeonReminderDailyQuestionary", "LeonRemainsDailyQuestionary\LeonReminderDailyQuestionary.csproj", "{D801411B-8DC5-4B58-883D-B76E970E6645}"
EndProject
Project("{FAE04EC0-301F-11D3-BF4B-00C04F79EFBC}") = "LeonAPI.Test", "LeonAPI.Test\LeonAPI.Test.csproj", "{AE2420F0-77DF-4EFE-842A-B9F35CA64B76}"
EndProject
Project("{FAE04EC0-301F-11D3-BF4B-00C04F79EFBC}") = "LeonDailyData", "LeonDailyData\LeonDailyData.csproj", "{559B02B3-C5A7-473B-A440-2C7FA72B7FF8}"
EndProject
Global
	GlobalSection(SolutionConfigurationPlatforms) = preSolution
		Debug|Android = Debug|Android
		Debug|Any CPU = Debug|Any CPU
		Debug|iOS = Debug|iOS
		Debug|Windows Phone (Universal) = Debug|Windows Phone (Universal)
		Debug|Windows Phone 8 = Debug|Windows Phone 8
		Debug|Windows-AnyCPU = Debug|Windows-AnyCPU
		Debug|Windows-ARM = Debug|Windows-ARM
		Debug|Windows-x64 = Debug|Windows-x64
		Debug|Windows-x86 = Debug|Windows-x86
		Release|Android = Release|Android
		Release|Any CPU = Release|Any CPU
		Release|iOS = Release|iOS
		Release|Windows Phone (Universal) = Release|Windows Phone (Universal)
		Release|Windows Phone 8 = Release|Windows Phone 8
		Release|Windows-AnyCPU = Release|Windows-AnyCPU
		Release|Windows-ARM = Release|Windows-ARM
		Release|Windows-x64 = Release|Windows-x64
		Release|Windows-x86 = Release|Windows-x86
	EndGlobalSection
	GlobalSection(ProjectConfigurationPlatforms) = postSolution
		{4A60A01E-82E7-4E35-9FA6-A8F9A24C20E6}.Debug|Android.ActiveCfg = Debug|Android
		{4A60A01E-82E7-4E35-9FA6-A8F9A24C20E6}.Debug|Android.Build.0 = Debug|Android
		{4A60A01E-82E7-4E35-9FA6-A8F9A24C20E6}.Debug|Android.Deploy.0 = Debug|Android
		{4A60A01E-82E7-4E35-9FA6-A8F9A24C20E6}.Debug|Any CPU.ActiveCfg = Debug|Android
		{4A60A01E-82E7-4E35-9FA6-A8F9A24C20E6}.Debug|iOS.ActiveCfg = Debug|iOS
		{4A60A01E-82E7-4E35-9FA6-A8F9A24C20E6}.Debug|iOS.Build.0 = Debug|iOS
		{4A60A01E-82E7-4E35-9FA6-A8F9A24C20E6}.Debug|iOS.Deploy.0 = Debug|iOS
		{4A60A01E-82E7-4E35-9FA6-A8F9A24C20E6}.Debug|Windows Phone (Universal).ActiveCfg = Debug|Windows Phone (Universal)
		{4A60A01E-82E7-4E35-9FA6-A8F9A24C20E6}.Debug|Windows Phone (Universal).Build.0 = Debug|Windows Phone (Universal)
		{4A60A01E-82E7-4E35-9FA6-A8F9A24C20E6}.Debug|Windows Phone (Universal).Deploy.0 = Debug|Windows Phone (Universal)
		{4A60A01E-82E7-4E35-9FA6-A8F9A24C20E6}.Debug|Windows Phone 8.ActiveCfg = Debug|Windows Phone 8
		{4A60A01E-82E7-4E35-9FA6-A8F9A24C20E6}.Debug|Windows Phone 8.Build.0 = Debug|Windows Phone 8
		{4A60A01E-82E7-4E35-9FA6-A8F9A24C20E6}.Debug|Windows Phone 8.Deploy.0 = Debug|Windows Phone 8
		{4A60A01E-82E7-4E35-9FA6-A8F9A24C20E6}.Debug|Windows-AnyCPU.ActiveCfg = Debug|Windows-AnyCPU
		{4A60A01E-82E7-4E35-9FA6-A8F9A24C20E6}.Debug|Windows-AnyCPU.Build.0 = Debug|Windows-AnyCPU
		{4A60A01E-82E7-4E35-9FA6-A8F9A24C20E6}.Debug|Windows-AnyCPU.Deploy.0 = Debug|Windows-AnyCPU
		{4A60A01E-82E7-4E35-9FA6-A8F9A24C20E6}.Debug|Windows-ARM.ActiveCfg = Debug|Windows-ARM
		{4A60A01E-82E7-4E35-9FA6-A8F9A24C20E6}.Debug|Windows-ARM.Build.0 = Debug|Windows-ARM
		{4A60A01E-82E7-4E35-9FA6-A8F9A24C20E6}.Debug|Windows-ARM.Deploy.0 = Debug|Windows-ARM
		{4A60A01E-82E7-4E35-9FA6-A8F9A24C20E6}.Debug|Windows-x64.ActiveCfg = Debug|Windows-x64
		{4A60A01E-82E7-4E35-9FA6-A8F9A24C20E6}.Debug|Windows-x64.Build.0 = Debug|Windows-x64
		{4A60A01E-82E7-4E35-9FA6-A8F9A24C20E6}.Debug|Windows-x64.Deploy.0 = Debug|Windows-x64
		{4A60A01E-82E7-4E35-9FA6-A8F9A24C20E6}.Debug|Windows-x86.ActiveCfg = Debug|Windows-x86
		{4A60A01E-82E7-4E35-9FA6-A8F9A24C20E6}.Debug|Windows-x86.Build.0 = Debug|Windows-x86
		{4A60A01E-82E7-4E35-9FA6-A8F9A24C20E6}.Debug|Windows-x86.Deploy.0 = Debug|Windows-x86
		{4A60A01E-82E7-4E35-9FA6-A8F9A24C20E6}.Release|Android.ActiveCfg = Release|Android
		{4A60A01E-82E7-4E35-9FA6-A8F9A24C20E6}.Release|Android.Build.0 = Release|Android
		{4A60A01E-82E7-4E35-9FA6-A8F9A24C20E6}.Release|Android.Deploy.0 = Release|Android
		{4A60A01E-82E7-4E35-9FA6-A8F9A24C20E6}.Release|Any CPU.ActiveCfg = Release|Android
		{4A60A01E-82E7-4E35-9FA6-A8F9A24C20E6}.Release|iOS.ActiveCfg = Release|iOS
		{4A60A01E-82E7-4E35-9FA6-A8F9A24C20E6}.Release|iOS.Build.0 = Release|iOS
		{4A60A01E-82E7-4E35-9FA6-A8F9A24C20E6}.Release|iOS.Deploy.0 = Release|iOS
		{4A60A01E-82E7-4E35-9FA6-A8F9A24C20E6}.Release|Windows Phone (Universal).ActiveCfg = Release|Windows Phone (Universal)
		{4A60A01E-82E7-4E35-9FA6-A8F9A24C20E6}.Release|Windows Phone (Universal).Build.0 = Release|Windows Phone (Universal)
		{4A60A01E-82E7-4E35-9FA6-A8F9A24C20E6}.Release|Windows Phone (Universal).Deploy.0 = Release|Windows Phone (Universal)
		{4A60A01E-82E7-4E35-9FA6-A8F9A24C20E6}.Release|Windows Phone 8.ActiveCfg = Release|Windows Phone 8
		{4A60A01E-82E7-4E35-9FA6-A8F9A24C20E6}.Release|Windows Phone 8.Build.0 = Release|Windows Phone 8
		{4A60A01E-82E7-4E35-9FA6-A8F9A24C20E6}.Release|Windows Phone 8.Deploy.0 = Release|Windows Phone 8
		{4A60A01E-82E7-4E35-9FA6-A8F9A24C20E6}.Release|Windows-AnyCPU.ActiveCfg = Release|Windows-AnyCPU
		{4A60A01E-82E7-4E35-9FA6-A8F9A24C20E6}.Release|Windows-AnyCPU.Build.0 = Release|Windows-AnyCPU
		{4A60A01E-82E7-4E35-9FA6-A8F9A24C20E6}.Release|Windows-AnyCPU.Deploy.0 = Release|Windows-AnyCPU
		{4A60A01E-82E7-4E35-9FA6-A8F9A24C20E6}.Release|Windows-ARM.ActiveCfg = Release|Windows-ARM
		{4A60A01E-82E7-4E35-9FA6-A8F9A24C20E6}.Release|Windows-ARM.Build.0 = Release|Windows-ARM
		{4A60A01E-82E7-4E35-9FA6-A8F9A24C20E6}.Release|Windows-ARM.Deploy.0 = Release|Windows-ARM
		{4A60A01E-82E7-4E35-9FA6-A8F9A24C20E6}.Release|Windows-x64.ActiveCfg = Release|Windows-x64
		{4A60A01E-82E7-4E35-9FA6-A8F9A24C20E6}.Release|Windows-x64.Build.0 = Release|Windows-x64
		{4A60A01E-82E7-4E35-9FA6-A8F9A24C20E6}.Release|Windows-x64.Deploy.0 = Release|Windows-x64
		{4A60A01E-82E7-4E35-9FA6-A8F9A24C20E6}.Release|Windows-x86.ActiveCfg = Release|Windows-x86
		{4A60A01E-82E7-4E35-9FA6-A8F9A24C20E6}.Release|Windows-x86.Build.0 = Release|Windows-x86
		{4A60A01E-82E7-4E35-9FA6-A8F9A24C20E6}.Release|Windows-x86.Deploy.0 = Release|Windows-x86
		{D0661C03-9A2F-4C85-BFAF-90B3B2FE0736}.Debug|Android.ActiveCfg = Debug|Any CPU
		{D0661C03-9A2F-4C85-BFAF-90B3B2FE0736}.Debug|Android.Build.0 = Debug|Any CPU
		{D0661C03-9A2F-4C85-BFAF-90B3B2FE0736}.Debug|Any CPU.ActiveCfg = Debug|Any CPU
		{D0661C03-9A2F-4C85-BFAF-90B3B2FE0736}.Debug|Any CPU.Build.0 = Debug|Any CPU
		{D0661C03-9A2F-4C85-BFAF-90B3B2FE0736}.Debug|iOS.ActiveCfg = Debug|Any CPU
		{D0661C03-9A2F-4C85-BFAF-90B3B2FE0736}.Debug|iOS.Build.0 = Debug|Any CPU
		{D0661C03-9A2F-4C85-BFAF-90B3B2FE0736}.Debug|Windows Phone (Universal).ActiveCfg = Debug|Any CPU
		{D0661C03-9A2F-4C85-BFAF-90B3B2FE0736}.Debug|Windows Phone (Universal).Build.0 = Debug|Any CPU
		{D0661C03-9A2F-4C85-BFAF-90B3B2FE0736}.Debug|Windows Phone 8.ActiveCfg = Debug|Any CPU
		{D0661C03-9A2F-4C85-BFAF-90B3B2FE0736}.Debug|Windows Phone 8.Build.0 = Debug|Any CPU
		{D0661C03-9A2F-4C85-BFAF-90B3B2FE0736}.Debug|Windows-AnyCPU.ActiveCfg = Debug|Any CPU
		{D0661C03-9A2F-4C85-BFAF-90B3B2FE0736}.Debug|Windows-AnyCPU.Build.0 = Debug|Any CPU
		{D0661C03-9A2F-4C85-BFAF-90B3B2FE0736}.Debug|Windows-ARM.ActiveCfg = Debug|Any CPU
		{D0661C03-9A2F-4C85-BFAF-90B3B2FE0736}.Debug|Windows-ARM.Build.0 = Debug|Any CPU
		{D0661C03-9A2F-4C85-BFAF-90B3B2FE0736}.Debug|Windows-x64.ActiveCfg = Debug|Any CPU
		{D0661C03-9A2F-4C85-BFAF-90B3B2FE0736}.Debug|Windows-x64.Build.0 = Debug|Any CPU
		{D0661C03-9A2F-4C85-BFAF-90B3B2FE0736}.Debug|Windows-x86.ActiveCfg = Debug|Any CPU
		{D0661C03-9A2F-4C85-BFAF-90B3B2FE0736}.Debug|Windows-x86.Build.0 = Debug|Any CPU
		{D0661C03-9A2F-4C85-BFAF-90B3B2FE0736}.Release|Android.ActiveCfg = Release|Any CPU
		{D0661C03-9A2F-4C85-BFAF-90B3B2FE0736}.Release|Android.Build.0 = Release|Any CPU
		{D0661C03-9A2F-4C85-BFAF-90B3B2FE0736}.Release|Any CPU.ActiveCfg = Release|Any CPU
		{D0661C03-9A2F-4C85-BFAF-90B3B2FE0736}.Release|Any CPU.Build.0 = Release|Any CPU
		{D0661C03-9A2F-4C85-BFAF-90B3B2FE0736}.Release|iOS.ActiveCfg = Release|Any CPU
		{D0661C03-9A2F-4C85-BFAF-90B3B2FE0736}.Release|iOS.Build.0 = Release|Any CPU
		{D0661C03-9A2F-4C85-BFAF-90B3B2FE0736}.Release|Windows Phone (Universal).ActiveCfg = Release|Any CPU
		{D0661C03-9A2F-4C85-BFAF-90B3B2FE0736}.Release|Windows Phone (Universal).Build.0 = Release|Any CPU
		{D0661C03-9A2F-4C85-BFAF-90B3B2FE0736}.Release|Windows Phone 8.ActiveCfg = Release|Any CPU
		{D0661C03-9A2F-4C85-BFAF-90B3B2FE0736}.Release|Windows Phone 8.Build.0 = Release|Any CPU
		{D0661C03-9A2F-4C85-BFAF-90B3B2FE0736}.Release|Windows-AnyCPU.ActiveCfg = Release|Any CPU
		{D0661C03-9A2F-4C85-BFAF-90B3B2FE0736}.Release|Windows-AnyCPU.Build.0 = Release|Any CPU
		{D0661C03-9A2F-4C85-BFAF-90B3B2FE0736}.Release|Windows-ARM.ActiveCfg = Release|Any CPU
		{D0661C03-9A2F-4C85-BFAF-90B3B2FE0736}.Release|Windows-ARM.Build.0 = Release|Any CPU
		{D0661C03-9A2F-4C85-BFAF-90B3B2FE0736}.Release|Windows-x64.ActiveCfg = Release|Any CPU
		{D0661C03-9A2F-4C85-BFAF-90B3B2FE0736}.Release|Windows-x64.Build.0 = Release|Any CPU
		{D0661C03-9A2F-4C85-BFAF-90B3B2FE0736}.Release|Windows-x86.ActiveCfg = Release|Any CPU
		{D0661C03-9A2F-4C85-BFAF-90B3B2FE0736}.Release|Windows-x86.Build.0 = Release|Any CPU
		{E2D10665-6D40-41FA-BD01-502515F0747B}.Debug|Android.ActiveCfg = Debug|Any CPU
		{E2D10665-6D40-41FA-BD01-502515F0747B}.Debug|Android.Build.0 = Debug|Any CPU
		{E2D10665-6D40-41FA-BD01-502515F0747B}.Debug|Any CPU.ActiveCfg = Debug|Any CPU
		{E2D10665-6D40-41FA-BD01-502515F0747B}.Debug|Any CPU.Build.0 = Debug|Any CPU
		{E2D10665-6D40-41FA-BD01-502515F0747B}.Debug|iOS.ActiveCfg = Debug|Any CPU
		{E2D10665-6D40-41FA-BD01-502515F0747B}.Debug|iOS.Build.0 = Debug|Any CPU
		{E2D10665-6D40-41FA-BD01-502515F0747B}.Debug|Windows Phone (Universal).ActiveCfg = Debug|Any CPU
		{E2D10665-6D40-41FA-BD01-502515F0747B}.Debug|Windows Phone (Universal).Build.0 = Debug|Any CPU
		{E2D10665-6D40-41FA-BD01-502515F0747B}.Debug|Windows Phone 8.ActiveCfg = Debug|Any CPU
		{E2D10665-6D40-41FA-BD01-502515F0747B}.Debug|Windows Phone 8.Build.0 = Debug|Any CPU
		{E2D10665-6D40-41FA-BD01-502515F0747B}.Debug|Windows-AnyCPU.ActiveCfg = Debug|Any CPU
		{E2D10665-6D40-41FA-BD01-502515F0747B}.Debug|Windows-AnyCPU.Build.0 = Debug|Any CPU
		{E2D10665-6D40-41FA-BD01-502515F0747B}.Debug|Windows-ARM.ActiveCfg = Debug|Any CPU
		{E2D10665-6D40-41FA-BD01-502515F0747B}.Debug|Windows-ARM.Build.0 = Debug|Any CPU
		{E2D10665-6D40-41FA-BD01-502515F0747B}.Debug|Windows-x64.ActiveCfg = Debug|Any CPU
		{E2D10665-6D40-41FA-BD01-502515F0747B}.Debug|Windows-x64.Build.0 = Debug|Any CPU
		{E2D10665-6D40-41FA-BD01-502515F0747B}.Debug|Windows-x86.ActiveCfg = Debug|Any CPU
		{E2D10665-6D40-41FA-BD01-502515F0747B}.Debug|Windows-x86.Build.0 = Debug|Any CPU
		{E2D10665-6D40-41FA-BD01-502515F0747B}.Release|Android.ActiveCfg = Release|Any CPU
		{E2D10665-6D40-41FA-BD01-502515F0747B}.Release|Android.Build.0 = Release|Any CPU
		{E2D10665-6D40-41FA-BD01-502515F0747B}.Release|Any CPU.ActiveCfg = Release|Any CPU
		{E2D10665-6D40-41FA-BD01-502515F0747B}.Release|Any CPU.Build.0 = Release|Any CPU
		{E2D10665-6D40-41FA-BD01-502515F0747B}.Release|iOS.ActiveCfg = Release|Any CPU
		{E2D10665-6D40-41FA-BD01-502515F0747B}.Release|iOS.Build.0 = Release|Any CPU
		{E2D10665-6D40-41FA-BD01-502515F0747B}.Release|Windows Phone (Universal).ActiveCfg = Release|Any CPU
		{E2D10665-6D40-41FA-BD01-502515F0747B}.Release|Windows Phone (Universal).Build.0 = Release|Any CPU
		{E2D10665-6D40-41FA-BD01-502515F0747B}.Release|Windows Phone 8.ActiveCfg = Release|Any CPU
		{E2D10665-6D40-41FA-BD01-502515F0747B}.Release|Windows Phone 8.Build.0 = Release|Any CPU
		{E2D10665-6D40-41FA-BD01-502515F0747B}.Release|Windows-AnyCPU.ActiveCfg = Release|Any CPU
		{E2D10665-6D40-41FA-BD01-502515F0747B}.Release|Windows-AnyCPU.Build.0 = Release|Any CPU
		{E2D10665-6D40-41FA-BD01-502515F0747B}.Release|Windows-ARM.ActiveCfg = Release|Any CPU
		{E2D10665-6D40-41FA-BD01-502515F0747B}.Release|Windows-ARM.Build.0 = Release|Any CPU
		{E2D10665-6D40-41FA-BD01-502515F0747B}.Release|Windows-x64.ActiveCfg = Release|Any CPU
		{E2D10665-6D40-41FA-BD01-502515F0747B}.Release|Windows-x64.Build.0 = Release|Any CPU
		{E2D10665-6D40-41FA-BD01-502515F0747B}.Release|Windows-x86.ActiveCfg = Release|Any CPU
		{E2D10665-6D40-41FA-BD01-502515F0747B}.Release|Windows-x86.Build.0 = Release|Any CPU
		{C5A95B2A-FED1-418D-A9F4-7B80914F640A}.Debug|Android.ActiveCfg = Debug|Android
		{C5A95B2A-FED1-418D-A9F4-7B80914F640A}.Debug|Android.Build.0 = Debug|Android
		{C5A95B2A-FED1-418D-A9F4-7B80914F640A}.Debug|Android.Deploy.0 = Debug|Android
		{C5A95B2A-FED1-418D-A9F4-7B80914F640A}.Debug|Any CPU.ActiveCfg = Debug|Android
		{C5A95B2A-FED1-418D-A9F4-7B80914F640A}.Debug|iOS.ActiveCfg = Debug|iOS
		{C5A95B2A-FED1-418D-A9F4-7B80914F640A}.Debug|iOS.Build.0 = Debug|iOS
		{C5A95B2A-FED1-418D-A9F4-7B80914F640A}.Debug|iOS.Deploy.0 = Debug|iOS
		{C5A95B2A-FED1-418D-A9F4-7B80914F640A}.Debug|Windows Phone (Universal).ActiveCfg = Debug|Windows Phone (Universal)
		{C5A95B2A-FED1-418D-A9F4-7B80914F640A}.Debug|Windows Phone (Universal).Build.0 = Debug|Windows Phone (Universal)
		{C5A95B2A-FED1-418D-A9F4-7B80914F640A}.Debug|Windows Phone (Universal).Deploy.0 = Debug|Windows Phone (Universal)
		{C5A95B2A-FED1-418D-A9F4-7B80914F640A}.Debug|Windows Phone 8.ActiveCfg = Debug|Windows Phone 8
		{C5A95B2A-FED1-418D-A9F4-7B80914F640A}.Debug|Windows Phone 8.Build.0 = Debug|Windows Phone 8
		{C5A95B2A-FED1-418D-A9F4-7B80914F640A}.Debug|Windows Phone 8.Deploy.0 = Debug|Windows Phone 8
		{C5A95B2A-FED1-418D-A9F4-7B80914F640A}.Debug|Windows-AnyCPU.ActiveCfg = Debug|Windows-AnyCPU
		{C5A95B2A-FED1-418D-A9F4-7B80914F640A}.Debug|Windows-AnyCPU.Build.0 = Debug|Windows-AnyCPU
		{C5A95B2A-FED1-418D-A9F4-7B80914F640A}.Debug|Windows-AnyCPU.Deploy.0 = Debug|Windows-AnyCPU
		{C5A95B2A-FED1-418D-A9F4-7B80914F640A}.Debug|Windows-ARM.ActiveCfg = Debug|Windows-ARM
		{C5A95B2A-FED1-418D-A9F4-7B80914F640A}.Debug|Windows-ARM.Build.0 = Debug|Windows-ARM
		{C5A95B2A-FED1-418D-A9F4-7B80914F640A}.Debug|Windows-ARM.Deploy.0 = Debug|Windows-ARM
		{C5A95B2A-FED1-418D-A9F4-7B80914F640A}.Debug|Windows-x64.ActiveCfg = Debug|Windows-x64
		{C5A95B2A-FED1-418D-A9F4-7B80914F640A}.Debug|Windows-x64.Build.0 = Debug|Windows-x64
		{C5A95B2A-FED1-418D-A9F4-7B80914F640A}.Debug|Windows-x64.Deploy.0 = Debug|Windows-x64
		{C5A95B2A-FED1-418D-A9F4-7B80914F640A}.Debug|Windows-x86.ActiveCfg = Debug|Windows-x86
		{C5A95B2A-FED1-418D-A9F4-7B80914F640A}.Debug|Windows-x86.Build.0 = Debug|Windows-x86
		{C5A95B2A-FED1-418D-A9F4-7B80914F640A}.Debug|Windows-x86.Deploy.0 = Debug|Windows-x86
		{C5A95B2A-FED1-418D-A9F4-7B80914F640A}.Release|Android.ActiveCfg = Release|Android
		{C5A95B2A-FED1-418D-A9F4-7B80914F640A}.Release|Android.Build.0 = Release|Android
		{C5A95B2A-FED1-418D-A9F4-7B80914F640A}.Release|Android.Deploy.0 = Release|Android
		{C5A95B2A-FED1-418D-A9F4-7B80914F640A}.Release|Any CPU.ActiveCfg = Release|Android
		{C5A95B2A-FED1-418D-A9F4-7B80914F640A}.Release|iOS.ActiveCfg = Release|iOS
		{C5A95B2A-FED1-418D-A9F4-7B80914F640A}.Release|iOS.Build.0 = Release|iOS
		{C5A95B2A-FED1-418D-A9F4-7B80914F640A}.Release|iOS.Deploy.0 = Release|iOS
		{C5A95B2A-FED1-418D-A9F4-7B80914F640A}.Release|Windows Phone (Universal).ActiveCfg = Release|Windows Phone (Universal)
		{C5A95B2A-FED1-418D-A9F4-7B80914F640A}.Release|Windows Phone (Universal).Build.0 = Release|Windows Phone (Universal)
		{C5A95B2A-FED1-418D-A9F4-7B80914F640A}.Release|Windows Phone (Universal).Deploy.0 = Release|Windows Phone (Universal)
		{C5A95B2A-FED1-418D-A9F4-7B80914F640A}.Release|Windows Phone 8.ActiveCfg = Release|Windows Phone 8
		{C5A95B2A-FED1-418D-A9F4-7B80914F640A}.Release|Windows Phone 8.Build.0 = Release|Windows Phone 8
		{C5A95B2A-FED1-418D-A9F4-7B80914F640A}.Release|Windows Phone 8.Deploy.0 = Release|Windows Phone 8
		{C5A95B2A-FED1-418D-A9F4-7B80914F640A}.Release|Windows-AnyCPU.ActiveCfg = Release|Windows-AnyCPU
		{C5A95B2A-FED1-418D-A9F4-7B80914F640A}.Release|Windows-AnyCPU.Build.0 = Release|Windows-AnyCPU
		{C5A95B2A-FED1-418D-A9F4-7B80914F640A}.Release|Windows-AnyCPU.Deploy.0 = Release|Windows-AnyCPU
		{C5A95B2A-FED1-418D-A9F4-7B80914F640A}.Release|Windows-ARM.ActiveCfg = Release|Windows-ARM
		{C5A95B2A-FED1-418D-A9F4-7B80914F640A}.Release|Windows-ARM.Build.0 = Release|Windows-ARM
		{C5A95B2A-FED1-418D-A9F4-7B80914F640A}.Release|Windows-ARM.Deploy.0 = Release|Windows-ARM
		{C5A95B2A-FED1-418D-A9F4-7B80914F640A}.Release|Windows-x64.ActiveCfg = Release|Windows-x64
		{C5A95B2A-FED1-418D-A9F4-7B80914F640A}.Release|Windows-x64.Build.0 = Release|Windows-x64
		{C5A95B2A-FED1-418D-A9F4-7B80914F640A}.Release|Windows-x64.Deploy.0 = Release|Windows-x64
		{C5A95B2A-FED1-418D-A9F4-7B80914F640A}.Release|Windows-x86.ActiveCfg = Release|Windows-x86
		{C5A95B2A-FED1-418D-A9F4-7B80914F640A}.Release|Windows-x86.Build.0 = Release|Windows-x86
		{C5A95B2A-FED1-418D-A9F4-7B80914F640A}.Release|Windows-x86.Deploy.0 = Release|Windows-x86
		{C09505F3-9ABD-4870-832C-C8BD2AD2A104}.Debug|Android.ActiveCfg = Debug|Any CPU
		{C09505F3-9ABD-4870-832C-C8BD2AD2A104}.Debug|Android.Build.0 = Debug|Any CPU
		{C09505F3-9ABD-4870-832C-C8BD2AD2A104}.Debug|Any CPU.ActiveCfg = Debug|Any CPU
		{C09505F3-9ABD-4870-832C-C8BD2AD2A104}.Debug|Any CPU.Build.0 = Debug|Any CPU
		{C09505F3-9ABD-4870-832C-C8BD2AD2A104}.Debug|iOS.ActiveCfg = Debug|Any CPU
		{C09505F3-9ABD-4870-832C-C8BD2AD2A104}.Debug|iOS.Build.0 = Debug|Any CPU
		{C09505F3-9ABD-4870-832C-C8BD2AD2A104}.Debug|Windows Phone (Universal).ActiveCfg = Debug|Any CPU
		{C09505F3-9ABD-4870-832C-C8BD2AD2A104}.Debug|Windows Phone (Universal).Build.0 = Debug|Any CPU
		{C09505F3-9ABD-4870-832C-C8BD2AD2A104}.Debug|Windows Phone 8.ActiveCfg = Debug|Any CPU
		{C09505F3-9ABD-4870-832C-C8BD2AD2A104}.Debug|Windows Phone 8.Build.0 = Debug|Any CPU
		{C09505F3-9ABD-4870-832C-C8BD2AD2A104}.Debug|Windows-AnyCPU.ActiveCfg = Debug|Any CPU
		{C09505F3-9ABD-4870-832C-C8BD2AD2A104}.Debug|Windows-AnyCPU.Build.0 = Debug|Any CPU
		{C09505F3-9ABD-4870-832C-C8BD2AD2A104}.Debug|Windows-ARM.ActiveCfg = Debug|Any CPU
		{C09505F3-9ABD-4870-832C-C8BD2AD2A104}.Debug|Windows-ARM.Build.0 = Debug|Any CPU
		{C09505F3-9ABD-4870-832C-C8BD2AD2A104}.Debug|Windows-x64.ActiveCfg = Debug|Any CPU
		{C09505F3-9ABD-4870-832C-C8BD2AD2A104}.Debug|Windows-x64.Build.0 = Debug|Any CPU
		{C09505F3-9ABD-4870-832C-C8BD2AD2A104}.Debug|Windows-x86.ActiveCfg = Debug|Any CPU
		{C09505F3-9ABD-4870-832C-C8BD2AD2A104}.Debug|Windows-x86.Build.0 = Debug|Any CPU
		{C09505F3-9ABD-4870-832C-C8BD2AD2A104}.Release|Android.ActiveCfg = Release|Any CPU
		{C09505F3-9ABD-4870-832C-C8BD2AD2A104}.Release|Android.Build.0 = Release|Any CPU
		{C09505F3-9ABD-4870-832C-C8BD2AD2A104}.Release|Any CPU.ActiveCfg = Release|Any CPU
		{C09505F3-9ABD-4870-832C-C8BD2AD2A104}.Release|Any CPU.Build.0 = Release|Any CPU
		{C09505F3-9ABD-4870-832C-C8BD2AD2A104}.Release|iOS.ActiveCfg = Release|Any CPU
		{C09505F3-9ABD-4870-832C-C8BD2AD2A104}.Release|iOS.Build.0 = Release|Any CPU
		{C09505F3-9ABD-4870-832C-C8BD2AD2A104}.Release|Windows Phone (Universal).ActiveCfg = Release|Any CPU
		{C09505F3-9ABD-4870-832C-C8BD2AD2A104}.Release|Windows Phone (Universal).Build.0 = Release|Any CPU
		{C09505F3-9ABD-4870-832C-C8BD2AD2A104}.Release|Windows Phone 8.ActiveCfg = Release|Any CPU
		{C09505F3-9ABD-4870-832C-C8BD2AD2A104}.Release|Windows Phone 8.Build.0 = Release|Any CPU
		{C09505F3-9ABD-4870-832C-C8BD2AD2A104}.Release|Windows-AnyCPU.ActiveCfg = Release|Any CPU
		{C09505F3-9ABD-4870-832C-C8BD2AD2A104}.Release|Windows-AnyCPU.Build.0 = Release|Any CPU
		{C09505F3-9ABD-4870-832C-C8BD2AD2A104}.Release|Windows-ARM.ActiveCfg = Release|Any CPU
		{C09505F3-9ABD-4870-832C-C8BD2AD2A104}.Release|Windows-ARM.Build.0 = Release|Any CPU
		{C09505F3-9ABD-4870-832C-C8BD2AD2A104}.Release|Windows-x64.ActiveCfg = Release|Any CPU
		{C09505F3-9ABD-4870-832C-C8BD2AD2A104}.Release|Windows-x64.Build.0 = Release|Any CPU
		{C09505F3-9ABD-4870-832C-C8BD2AD2A104}.Release|Windows-x86.ActiveCfg = Release|Any CPU
		{C09505F3-9ABD-4870-832C-C8BD2AD2A104}.Release|Windows-x86.Build.0 = Release|Any CPU
		{5D5519BB-F4CA-4858-8ADF-EB990A6B82EB}.Debug|Android.ActiveCfg = Debug|Any CPU
		{5D5519BB-F4CA-4858-8ADF-EB990A6B82EB}.Debug|Android.Build.0 = Debug|Any CPU
		{5D5519BB-F4CA-4858-8ADF-EB990A6B82EB}.Debug|Any CPU.ActiveCfg = Debug|Any CPU
		{5D5519BB-F4CA-4858-8ADF-EB990A6B82EB}.Debug|Any CPU.Build.0 = Debug|Any CPU
		{5D5519BB-F4CA-4858-8ADF-EB990A6B82EB}.Debug|iOS.ActiveCfg = Debug|Any CPU
		{5D5519BB-F4CA-4858-8ADF-EB990A6B82EB}.Debug|iOS.Build.0 = Debug|Any CPU
		{5D5519BB-F4CA-4858-8ADF-EB990A6B82EB}.Debug|Windows Phone (Universal).ActiveCfg = Debug|Any CPU
		{5D5519BB-F4CA-4858-8ADF-EB990A6B82EB}.Debug|Windows Phone (Universal).Build.0 = Debug|Any CPU
		{5D5519BB-F4CA-4858-8ADF-EB990A6B82EB}.Debug|Windows Phone 8.ActiveCfg = Debug|Any CPU
		{5D5519BB-F4CA-4858-8ADF-EB990A6B82EB}.Debug|Windows Phone 8.Build.0 = Debug|Any CPU
		{5D5519BB-F4CA-4858-8ADF-EB990A6B82EB}.Debug|Windows-AnyCPU.ActiveCfg = Debug|Any CPU
		{5D5519BB-F4CA-4858-8ADF-EB990A6B82EB}.Debug|Windows-AnyCPU.Build.0 = Debug|Any CPU
		{5D5519BB-F4CA-4858-8ADF-EB990A6B82EB}.Debug|Windows-ARM.ActiveCfg = Debug|Any CPU
		{5D5519BB-F4CA-4858-8ADF-EB990A6B82EB}.Debug|Windows-ARM.Build.0 = Debug|Any CPU
		{5D5519BB-F4CA-4858-8ADF-EB990A6B82EB}.Debug|Windows-x64.ActiveCfg = Debug|Any CPU
		{5D5519BB-F4CA-4858-8ADF-EB990A6B82EB}.Debug|Windows-x64.Build.0 = Debug|Any CPU
		{5D5519BB-F4CA-4858-8ADF-EB990A6B82EB}.Debug|Windows-x86.ActiveCfg = Debug|Any CPU
		{5D5519BB-F4CA-4858-8ADF-EB990A6B82EB}.Debug|Windows-x86.Build.0 = Debug|Any CPU
		{5D5519BB-F4CA-4858-8ADF-EB990A6B82EB}.Release|Android.ActiveCfg = Release|Any CPU
		{5D5519BB-F4CA-4858-8ADF-EB990A6B82EB}.Release|Android.Build.0 = Release|Any CPU
		{5D5519BB-F4CA-4858-8ADF-EB990A6B82EB}.Release|Any CPU.ActiveCfg = Release|Any CPU
		{5D5519BB-F4CA-4858-8ADF-EB990A6B82EB}.Release|Any CPU.Build.0 = Release|Any CPU
		{5D5519BB-F4CA-4858-8ADF-EB990A6B82EB}.Release|iOS.ActiveCfg = Release|Any CPU
		{5D5519BB-F4CA-4858-8ADF-EB990A6B82EB}.Release|iOS.Build.0 = Release|Any CPU
		{5D5519BB-F4CA-4858-8ADF-EB990A6B82EB}.Release|Windows Phone (Universal).ActiveCfg = Release|Any CPU
		{5D5519BB-F4CA-4858-8ADF-EB990A6B82EB}.Release|Windows Phone (Universal).Build.0 = Release|Any CPU
		{5D5519BB-F4CA-4858-8ADF-EB990A6B82EB}.Release|Windows Phone 8.ActiveCfg = Release|Any CPU
		{5D5519BB-F4CA-4858-8ADF-EB990A6B82EB}.Release|Windows Phone 8.Build.0 = Release|Any CPU
		{5D5519BB-F4CA-4858-8ADF-EB990A6B82EB}.Release|Windows-AnyCPU.ActiveCfg = Release|Any CPU
		{5D5519BB-F4CA-4858-8ADF-EB990A6B82EB}.Release|Windows-AnyCPU.Build.0 = Release|Any CPU
		{5D5519BB-F4CA-4858-8ADF-EB990A6B82EB}.Release|Windows-ARM.ActiveCfg = Release|Any CPU
		{5D5519BB-F4CA-4858-8ADF-EB990A6B82EB}.Release|Windows-ARM.Build.0 = Release|Any CPU
		{5D5519BB-F4CA-4858-8ADF-EB990A6B82EB}.Release|Windows-x64.ActiveCfg = Release|Any CPU
		{5D5519BB-F4CA-4858-8ADF-EB990A6B82EB}.Release|Windows-x64.Build.0 = Release|Any CPU
		{5D5519BB-F4CA-4858-8ADF-EB990A6B82EB}.Release|Windows-x86.ActiveCfg = Release|Any CPU
		{5D5519BB-F4CA-4858-8ADF-EB990A6B82EB}.Release|Windows-x86.Build.0 = Release|Any CPU
		{8BF64FF6-CCD6-41B7-B562-D12841A721E0}.Debug|Android.ActiveCfg = Debug|Any CPU
		{8BF64FF6-CCD6-41B7-B562-D12841A721E0}.Debug|Android.Build.0 = Debug|Any CPU
		{8BF64FF6-CCD6-41B7-B562-D12841A721E0}.Debug|Any CPU.ActiveCfg = Debug|Any CPU
		{8BF64FF6-CCD6-41B7-B562-D12841A721E0}.Debug|Any CPU.Build.0 = Debug|Any CPU
		{8BF64FF6-CCD6-41B7-B562-D12841A721E0}.Debug|iOS.ActiveCfg = Debug|Any CPU
		{8BF64FF6-CCD6-41B7-B562-D12841A721E0}.Debug|iOS.Build.0 = Debug|Any CPU
		{8BF64FF6-CCD6-41B7-B562-D12841A721E0}.Debug|Windows Phone (Universal).ActiveCfg = Debug|Any CPU
		{8BF64FF6-CCD6-41B7-B562-D12841A721E0}.Debug|Windows Phone (Universal).Build.0 = Debug|Any CPU
		{8BF64FF6-CCD6-41B7-B562-D12841A721E0}.Debug|Windows Phone 8.ActiveCfg = Debug|Any CPU
		{8BF64FF6-CCD6-41B7-B562-D12841A721E0}.Debug|Windows Phone 8.Build.0 = Debug|Any CPU
		{8BF64FF6-CCD6-41B7-B562-D12841A721E0}.Debug|Windows-AnyCPU.ActiveCfg = Debug|Any CPU
		{8BF64FF6-CCD6-41B7-B562-D12841A721E0}.Debug|Windows-AnyCPU.Build.0 = Debug|Any CPU
		{8BF64FF6-CCD6-41B7-B562-D12841A721E0}.Debug|Windows-ARM.ActiveCfg = Debug|Any CPU
		{8BF64FF6-CCD6-41B7-B562-D12841A721E0}.Debug|Windows-ARM.Build.0 = Debug|Any CPU
		{8BF64FF6-CCD6-41B7-B562-D12841A721E0}.Debug|Windows-x64.ActiveCfg = Debug|Any CPU
		{8BF64FF6-CCD6-41B7-B562-D12841A721E0}.Debug|Windows-x64.Build.0 = Debug|Any CPU
		{8BF64FF6-CCD6-41B7-B562-D12841A721E0}.Debug|Windows-x86.ActiveCfg = Debug|Any CPU
		{8BF64FF6-CCD6-41B7-B562-D12841A721E0}.Debug|Windows-x86.Build.0 = Debug|Any CPU
		{8BF64FF6-CCD6-41B7-B562-D12841A721E0}.Release|Android.ActiveCfg = Release|Any CPU
		{8BF64FF6-CCD6-41B7-B562-D12841A721E0}.Release|Android.Build.0 = Release|Any CPU
		{8BF64FF6-CCD6-41B7-B562-D12841A721E0}.Release|Any CPU.ActiveCfg = Release|Any CPU
		{8BF64FF6-CCD6-41B7-B562-D12841A721E0}.Release|Any CPU.Build.0 = Release|Any CPU
		{8BF64FF6-CCD6-41B7-B562-D12841A721E0}.Release|iOS.ActiveCfg = Release|Any CPU
		{8BF64FF6-CCD6-41B7-B562-D12841A721E0}.Release|iOS.Build.0 = Release|Any CPU
		{8BF64FF6-CCD6-41B7-B562-D12841A721E0}.Release|Windows Phone (Universal).ActiveCfg = Release|Any CPU
		{8BF64FF6-CCD6-41B7-B562-D12841A721E0}.Release|Windows Phone (Universal).Build.0 = Release|Any CPU
		{8BF64FF6-CCD6-41B7-B562-D12841A721E0}.Release|Windows Phone 8.ActiveCfg = Release|Any CPU
		{8BF64FF6-CCD6-41B7-B562-D12841A721E0}.Release|Windows Phone 8.Build.0 = Release|Any CPU
		{8BF64FF6-CCD6-41B7-B562-D12841A721E0}.Release|Windows-AnyCPU.ActiveCfg = Release|Any CPU
		{8BF64FF6-CCD6-41B7-B562-D12841A721E0}.Release|Windows-AnyCPU.Build.0 = Release|Any CPU
		{8BF64FF6-CCD6-41B7-B562-D12841A721E0}.Release|Windows-ARM.ActiveCfg = Release|Any CPU
		{8BF64FF6-CCD6-41B7-B562-D12841A721E0}.Release|Windows-ARM.Build.0 = Release|Any CPU
		{8BF64FF6-CCD6-41B7-B562-D12841A721E0}.Release|Windows-x64.ActiveCfg = Release|Any CPU
		{8BF64FF6-CCD6-41B7-B562-D12841A721E0}.Release|Windows-x64.Build.0 = Release|Any CPU
		{8BF64FF6-CCD6-41B7-B562-D12841A721E0}.Release|Windows-x86.ActiveCfg = Release|Any CPU
		{8BF64FF6-CCD6-41B7-B562-D12841A721E0}.Release|Windows-x86.Build.0 = Release|Any CPU
		{BCDE73D9-5DA4-4635-9897-5F0557899324}.Debug|Android.ActiveCfg = Debug|Any CPU
		{BCDE73D9-5DA4-4635-9897-5F0557899324}.Debug|Android.Build.0 = Debug|Any CPU
		{BCDE73D9-5DA4-4635-9897-5F0557899324}.Debug|Any CPU.ActiveCfg = Debug|Any CPU
		{BCDE73D9-5DA4-4635-9897-5F0557899324}.Debug|Any CPU.Build.0 = Debug|Any CPU
		{BCDE73D9-5DA4-4635-9897-5F0557899324}.Debug|iOS.ActiveCfg = Debug|Any CPU
		{BCDE73D9-5DA4-4635-9897-5F0557899324}.Debug|iOS.Build.0 = Debug|Any CPU
		{BCDE73D9-5DA4-4635-9897-5F0557899324}.Debug|Windows Phone (Universal).ActiveCfg = Debug|Any CPU
		{BCDE73D9-5DA4-4635-9897-5F0557899324}.Debug|Windows Phone (Universal).Build.0 = Debug|Any CPU
		{BCDE73D9-5DA4-4635-9897-5F0557899324}.Debug|Windows Phone 8.ActiveCfg = Debug|Any CPU
		{BCDE73D9-5DA4-4635-9897-5F0557899324}.Debug|Windows Phone 8.Build.0 = Debug|Any CPU
		{BCDE73D9-5DA4-4635-9897-5F0557899324}.Debug|Windows-AnyCPU.ActiveCfg = Debug|Any CPU
		{BCDE73D9-5DA4-4635-9897-5F0557899324}.Debug|Windows-AnyCPU.Build.0 = Debug|Any CPU
		{BCDE73D9-5DA4-4635-9897-5F0557899324}.Debug|Windows-ARM.ActiveCfg = Debug|Any CPU
		{BCDE73D9-5DA4-4635-9897-5F0557899324}.Debug|Windows-ARM.Build.0 = Debug|Any CPU
		{BCDE73D9-5DA4-4635-9897-5F0557899324}.Debug|Windows-x64.ActiveCfg = Debug|Any CPU
		{BCDE73D9-5DA4-4635-9897-5F0557899324}.Debug|Windows-x64.Build.0 = Debug|Any CPU
		{BCDE73D9-5DA4-4635-9897-5F0557899324}.Debug|Windows-x86.ActiveCfg = Debug|Any CPU
		{BCDE73D9-5DA4-4635-9897-5F0557899324}.Debug|Windows-x86.Build.0 = Debug|Any CPU
		{BCDE73D9-5DA4-4635-9897-5F0557899324}.Release|Android.ActiveCfg = Release|Any CPU
		{BCDE73D9-5DA4-4635-9897-5F0557899324}.Release|Android.Build.0 = Release|Any CPU
		{BCDE73D9-5DA4-4635-9897-5F0557899324}.Release|Any CPU.ActiveCfg = Release|Any CPU
		{BCDE73D9-5DA4-4635-9897-5F0557899324}.Release|Any CPU.Build.0 = Release|Any CPU
		{BCDE73D9-5DA4-4635-9897-5F0557899324}.Release|iOS.ActiveCfg = Release|Any CPU
		{BCDE73D9-5DA4-4635-9897-5F0557899324}.Release|iOS.Build.0 = Release|Any CPU
		{BCDE73D9-5DA4-4635-9897-5F0557899324}.Release|Windows Phone (Universal).ActiveCfg = Release|Any CPU
		{BCDE73D9-5DA4-4635-9897-5F0557899324}.Release|Windows Phone (Universal).Build.0 = Release|Any CPU
		{BCDE73D9-5DA4-4635-9897-5F0557899324}.Release|Windows Phone 8.ActiveCfg = Release|Any CPU
		{BCDE73D9-5DA4-4635-9897-5F0557899324}.Release|Windows Phone 8.Build.0 = Release|Any CPU
		{BCDE73D9-5DA4-4635-9897-5F0557899324}.Release|Windows-AnyCPU.ActiveCfg = Release|Any CPU
		{BCDE73D9-5DA4-4635-9897-5F0557899324}.Release|Windows-AnyCPU.Build.0 = Release|Any CPU
		{BCDE73D9-5DA4-4635-9897-5F0557899324}.Release|Windows-ARM.ActiveCfg = Release|Any CPU
		{BCDE73D9-5DA4-4635-9897-5F0557899324}.Release|Windows-ARM.Build.0 = Release|Any CPU
		{BCDE73D9-5DA4-4635-9897-5F0557899324}.Release|Windows-x64.ActiveCfg = Release|Any CPU
		{BCDE73D9-5DA4-4635-9897-5F0557899324}.Release|Windows-x64.Build.0 = Release|Any CPU
		{BCDE73D9-5DA4-4635-9897-5F0557899324}.Release|Windows-x86.ActiveCfg = Release|Any CPU
		{BCDE73D9-5DA4-4635-9897-5F0557899324}.Release|Windows-x86.Build.0 = Release|Any CPU
		{4CDC9763-9273-4AA9-9804-75D01421E7C2}.Debug|Android.ActiveCfg = Debug|Any CPU
		{4CDC9763-9273-4AA9-9804-75D01421E7C2}.Debug|Android.Build.0 = Debug|Any CPU
		{4CDC9763-9273-4AA9-9804-75D01421E7C2}.Debug|Any CPU.ActiveCfg = Debug|Any CPU
		{4CDC9763-9273-4AA9-9804-75D01421E7C2}.Debug|Any CPU.Build.0 = Debug|Any CPU
		{4CDC9763-9273-4AA9-9804-75D01421E7C2}.Debug|iOS.ActiveCfg = Debug|Any CPU
		{4CDC9763-9273-4AA9-9804-75D01421E7C2}.Debug|iOS.Build.0 = Debug|Any CPU
		{4CDC9763-9273-4AA9-9804-75D01421E7C2}.Debug|Windows Phone (Universal).ActiveCfg = Debug|Any CPU
		{4CDC9763-9273-4AA9-9804-75D01421E7C2}.Debug|Windows Phone (Universal).Build.0 = Debug|Any CPU
		{4CDC9763-9273-4AA9-9804-75D01421E7C2}.Debug|Windows Phone 8.ActiveCfg = Debug|Any CPU
		{4CDC9763-9273-4AA9-9804-75D01421E7C2}.Debug|Windows Phone 8.Build.0 = Debug|Any CPU
		{4CDC9763-9273-4AA9-9804-75D01421E7C2}.Debug|Windows-AnyCPU.ActiveCfg = Debug|Any CPU
		{4CDC9763-9273-4AA9-9804-75D01421E7C2}.Debug|Windows-AnyCPU.Build.0 = Debug|Any CPU
		{4CDC9763-9273-4AA9-9804-75D01421E7C2}.Debug|Windows-ARM.ActiveCfg = Debug|Any CPU
		{4CDC9763-9273-4AA9-9804-75D01421E7C2}.Debug|Windows-ARM.Build.0 = Debug|Any CPU
		{4CDC9763-9273-4AA9-9804-75D01421E7C2}.Debug|Windows-x64.ActiveCfg = Debug|Any CPU
		{4CDC9763-9273-4AA9-9804-75D01421E7C2}.Debug|Windows-x64.Build.0 = Debug|Any CPU
		{4CDC9763-9273-4AA9-9804-75D01421E7C2}.Debug|Windows-x86.ActiveCfg = Debug|Any CPU
		{4CDC9763-9273-4AA9-9804-75D01421E7C2}.Debug|Windows-x86.Build.0 = Debug|Any CPU
		{4CDC9763-9273-4AA9-9804-75D01421E7C2}.Release|Android.ActiveCfg = Release|Any CPU
		{4CDC9763-9273-4AA9-9804-75D01421E7C2}.Release|Android.Build.0 = Release|Any CPU
		{4CDC9763-9273-4AA9-9804-75D01421E7C2}.Release|Any CPU.ActiveCfg = Release|Any CPU
		{4CDC9763-9273-4AA9-9804-75D01421E7C2}.Release|Any CPU.Build.0 = Release|Any CPU
		{4CDC9763-9273-4AA9-9804-75D01421E7C2}.Release|iOS.ActiveCfg = Release|Any CPU
		{4CDC9763-9273-4AA9-9804-75D01421E7C2}.Release|iOS.Build.0 = Release|Any CPU
		{4CDC9763-9273-4AA9-9804-75D01421E7C2}.Release|Windows Phone (Universal).ActiveCfg = Release|Any CPU
		{4CDC9763-9273-4AA9-9804-75D01421E7C2}.Release|Windows Phone (Universal).Build.0 = Release|Any CPU
		{4CDC9763-9273-4AA9-9804-75D01421E7C2}.Release|Windows Phone 8.ActiveCfg = Release|Any CPU
		{4CDC9763-9273-4AA9-9804-75D01421E7C2}.Release|Windows Phone 8.Build.0 = Release|Any CPU
		{4CDC9763-9273-4AA9-9804-75D01421E7C2}.Release|Windows-AnyCPU.ActiveCfg = Release|Any CPU
		{4CDC9763-9273-4AA9-9804-75D01421E7C2}.Release|Windows-AnyCPU.Build.0 = Release|Any CPU
		{4CDC9763-9273-4AA9-9804-75D01421E7C2}.Release|Windows-ARM.ActiveCfg = Release|Any CPU
		{4CDC9763-9273-4AA9-9804-75D01421E7C2}.Release|Windows-ARM.Build.0 = Release|Any CPU
		{4CDC9763-9273-4AA9-9804-75D01421E7C2}.Release|Windows-x64.ActiveCfg = Release|Any CPU
		{4CDC9763-9273-4AA9-9804-75D01421E7C2}.Release|Windows-x64.Build.0 = Release|Any CPU
		{4CDC9763-9273-4AA9-9804-75D01421E7C2}.Release|Windows-x86.ActiveCfg = Release|Any CPU
		{4CDC9763-9273-4AA9-9804-75D01421E7C2}.Release|Windows-x86.Build.0 = Release|Any CPU
		{46E9DBDB-235C-4C2B-AD62-C63380A2B9C1}.Debug|Android.ActiveCfg = Debug|Any CPU
		{46E9DBDB-235C-4C2B-AD62-C63380A2B9C1}.Debug|Android.Build.0 = Debug|Any CPU
		{46E9DBDB-235C-4C2B-AD62-C63380A2B9C1}.Debug|Any CPU.ActiveCfg = Debug|Any CPU
		{46E9DBDB-235C-4C2B-AD62-C63380A2B9C1}.Debug|Any CPU.Build.0 = Debug|Any CPU
		{46E9DBDB-235C-4C2B-AD62-C63380A2B9C1}.Debug|iOS.ActiveCfg = Debug|Any CPU
		{46E9DBDB-235C-4C2B-AD62-C63380A2B9C1}.Debug|iOS.Build.0 = Debug|Any CPU
		{46E9DBDB-235C-4C2B-AD62-C63380A2B9C1}.Debug|Windows Phone (Universal).ActiveCfg = Debug|Any CPU
		{46E9DBDB-235C-4C2B-AD62-C63380A2B9C1}.Debug|Windows Phone (Universal).Build.0 = Debug|Any CPU
		{46E9DBDB-235C-4C2B-AD62-C63380A2B9C1}.Debug|Windows Phone 8.ActiveCfg = Debug|Any CPU
		{46E9DBDB-235C-4C2B-AD62-C63380A2B9C1}.Debug|Windows Phone 8.Build.0 = Debug|Any CPU
		{46E9DBDB-235C-4C2B-AD62-C63380A2B9C1}.Debug|Windows-AnyCPU.ActiveCfg = Debug|Any CPU
		{46E9DBDB-235C-4C2B-AD62-C63380A2B9C1}.Debug|Windows-AnyCPU.Build.0 = Debug|Any CPU
		{46E9DBDB-235C-4C2B-AD62-C63380A2B9C1}.Debug|Windows-ARM.ActiveCfg = Debug|Any CPU
		{46E9DBDB-235C-4C2B-AD62-C63380A2B9C1}.Debug|Windows-ARM.Build.0 = Debug|Any CPU
		{46E9DBDB-235C-4C2B-AD62-C63380A2B9C1}.Debug|Windows-x64.ActiveCfg = Debug|Any CPU
		{46E9DBDB-235C-4C2B-AD62-C63380A2B9C1}.Debug|Windows-x64.Build.0 = Debug|Any CPU
		{46E9DBDB-235C-4C2B-AD62-C63380A2B9C1}.Debug|Windows-x86.ActiveCfg = Debug|Any CPU
		{46E9DBDB-235C-4C2B-AD62-C63380A2B9C1}.Debug|Windows-x86.Build.0 = Debug|Any CPU
		{46E9DBDB-235C-4C2B-AD62-C63380A2B9C1}.Release|Android.ActiveCfg = Release|Any CPU
		{46E9DBDB-235C-4C2B-AD62-C63380A2B9C1}.Release|Android.Build.0 = Release|Any CPU
		{46E9DBDB-235C-4C2B-AD62-C63380A2B9C1}.Release|Any CPU.ActiveCfg = Release|Any CPU
		{46E9DBDB-235C-4C2B-AD62-C63380A2B9C1}.Release|Any CPU.Build.0 = Release|Any CPU
		{46E9DBDB-235C-4C2B-AD62-C63380A2B9C1}.Release|iOS.ActiveCfg = Release|Any CPU
		{46E9DBDB-235C-4C2B-AD62-C63380A2B9C1}.Release|iOS.Build.0 = Release|Any CPU
		{46E9DBDB-235C-4C2B-AD62-C63380A2B9C1}.Release|Windows Phone (Universal).ActiveCfg = Release|Any CPU
		{46E9DBDB-235C-4C2B-AD62-C63380A2B9C1}.Release|Windows Phone (Universal).Build.0 = Release|Any CPU
		{46E9DBDB-235C-4C2B-AD62-C63380A2B9C1}.Release|Windows Phone 8.ActiveCfg = Release|Any CPU
		{46E9DBDB-235C-4C2B-AD62-C63380A2B9C1}.Release|Windows Phone 8.Build.0 = Release|Any CPU
		{46E9DBDB-235C-4C2B-AD62-C63380A2B9C1}.Release|Windows-AnyCPU.ActiveCfg = Release|Any CPU
		{46E9DBDB-235C-4C2B-AD62-C63380A2B9C1}.Release|Windows-AnyCPU.Build.0 = Release|Any CPU
		{46E9DBDB-235C-4C2B-AD62-C63380A2B9C1}.Release|Windows-ARM.ActiveCfg = Release|Any CPU
		{46E9DBDB-235C-4C2B-AD62-C63380A2B9C1}.Release|Windows-ARM.Build.0 = Release|Any CPU
		{46E9DBDB-235C-4C2B-AD62-C63380A2B9C1}.Release|Windows-x64.ActiveCfg = Release|Any CPU
		{46E9DBDB-235C-4C2B-AD62-C63380A2B9C1}.Release|Windows-x64.Build.0 = Release|Any CPU
		{46E9DBDB-235C-4C2B-AD62-C63380A2B9C1}.Release|Windows-x86.ActiveCfg = Release|Any CPU
		{46E9DBDB-235C-4C2B-AD62-C63380A2B9C1}.Release|Windows-x86.Build.0 = Release|Any CPU
		{7B2F5788-0D7F-44E5-90E0-D584A1386A75}.Debug|Android.ActiveCfg = Debug|Any CPU
		{7B2F5788-0D7F-44E5-90E0-D584A1386A75}.Debug|Android.Build.0 = Debug|Any CPU
		{7B2F5788-0D7F-44E5-90E0-D584A1386A75}.Debug|Any CPU.ActiveCfg = Debug|Any CPU
		{7B2F5788-0D7F-44E5-90E0-D584A1386A75}.Debug|Any CPU.Build.0 = Debug|Any CPU
		{7B2F5788-0D7F-44E5-90E0-D584A1386A75}.Debug|iOS.ActiveCfg = Debug|Any CPU
		{7B2F5788-0D7F-44E5-90E0-D584A1386A75}.Debug|iOS.Build.0 = Debug|Any CPU
		{7B2F5788-0D7F-44E5-90E0-D584A1386A75}.Debug|Windows Phone (Universal).ActiveCfg = Debug|Any CPU
		{7B2F5788-0D7F-44E5-90E0-D584A1386A75}.Debug|Windows Phone (Universal).Build.0 = Debug|Any CPU
		{7B2F5788-0D7F-44E5-90E0-D584A1386A75}.Debug|Windows Phone 8.ActiveCfg = Debug|Any CPU
		{7B2F5788-0D7F-44E5-90E0-D584A1386A75}.Debug|Windows Phone 8.Build.0 = Debug|Any CPU
		{7B2F5788-0D7F-44E5-90E0-D584A1386A75}.Debug|Windows-AnyCPU.ActiveCfg = Debug|Any CPU
		{7B2F5788-0D7F-44E5-90E0-D584A1386A75}.Debug|Windows-AnyCPU.Build.0 = Debug|Any CPU
		{7B2F5788-0D7F-44E5-90E0-D584A1386A75}.Debug|Windows-ARM.ActiveCfg = Debug|Any CPU
		{7B2F5788-0D7F-44E5-90E0-D584A1386A75}.Debug|Windows-ARM.Build.0 = Debug|Any CPU
		{7B2F5788-0D7F-44E5-90E0-D584A1386A75}.Debug|Windows-x64.ActiveCfg = Debug|Any CPU
		{7B2F5788-0D7F-44E5-90E0-D584A1386A75}.Debug|Windows-x64.Build.0 = Debug|Any CPU
		{7B2F5788-0D7F-44E5-90E0-D584A1386A75}.Debug|Windows-x86.ActiveCfg = Debug|Any CPU
		{7B2F5788-0D7F-44E5-90E0-D584A1386A75}.Debug|Windows-x86.Build.0 = Debug|Any CPU
		{7B2F5788-0D7F-44E5-90E0-D584A1386A75}.Release|Android.ActiveCfg = Release|Any CPU
		{7B2F5788-0D7F-44E5-90E0-D584A1386A75}.Release|Android.Build.0 = Release|Any CPU
		{7B2F5788-0D7F-44E5-90E0-D584A1386A75}.Release|Any CPU.ActiveCfg = Release|Any CPU
		{7B2F5788-0D7F-44E5-90E0-D584A1386A75}.Release|Any CPU.Build.0 = Release|Any CPU
		{7B2F5788-0D7F-44E5-90E0-D584A1386A75}.Release|iOS.ActiveCfg = Release|Any CPU
		{7B2F5788-0D7F-44E5-90E0-D584A1386A75}.Release|iOS.Build.0 = Release|Any CPU
		{7B2F5788-0D7F-44E5-90E0-D584A1386A75}.Release|Windows Phone (Universal).ActiveCfg = Release|Any CPU
		{7B2F5788-0D7F-44E5-90E0-D584A1386A75}.Release|Windows Phone (Universal).Build.0 = Release|Any CPU
		{7B2F5788-0D7F-44E5-90E0-D584A1386A75}.Release|Windows Phone 8.ActiveCfg = Release|Any CPU
		{7B2F5788-0D7F-44E5-90E0-D584A1386A75}.Release|Windows Phone 8.Build.0 = Release|Any CPU
		{7B2F5788-0D7F-44E5-90E0-D584A1386A75}.Release|Windows-AnyCPU.ActiveCfg = Release|Any CPU
		{7B2F5788-0D7F-44E5-90E0-D584A1386A75}.Release|Windows-AnyCPU.Build.0 = Release|Any CPU
		{7B2F5788-0D7F-44E5-90E0-D584A1386A75}.Release|Windows-ARM.ActiveCfg = Release|Any CPU
		{7B2F5788-0D7F-44E5-90E0-D584A1386A75}.Release|Windows-ARM.Build.0 = Release|Any CPU
		{7B2F5788-0D7F-44E5-90E0-D584A1386A75}.Release|Windows-x64.ActiveCfg = Release|Any CPU
		{7B2F5788-0D7F-44E5-90E0-D584A1386A75}.Release|Windows-x64.Build.0 = Release|Any CPU
		{7B2F5788-0D7F-44E5-90E0-D584A1386A75}.Release|Windows-x86.ActiveCfg = Release|Any CPU
		{7B2F5788-0D7F-44E5-90E0-D584A1386A75}.Release|Windows-x86.Build.0 = Release|Any CPU
		{D801411B-8DC5-4B58-883D-B76E970E6645}.Debug|Android.ActiveCfg = Debug|Any CPU
		{D801411B-8DC5-4B58-883D-B76E970E6645}.Debug|Android.Build.0 = Debug|Any CPU
		{D801411B-8DC5-4B58-883D-B76E970E6645}.Debug|Any CPU.ActiveCfg = Debug|Any CPU
		{D801411B-8DC5-4B58-883D-B76E970E6645}.Debug|Any CPU.Build.0 = Debug|Any CPU
		{D801411B-8DC5-4B58-883D-B76E970E6645}.Debug|iOS.ActiveCfg = Debug|Any CPU
		{D801411B-8DC5-4B58-883D-B76E970E6645}.Debug|iOS.Build.0 = Debug|Any CPU
		{D801411B-8DC5-4B58-883D-B76E970E6645}.Debug|Windows Phone (Universal).ActiveCfg = Debug|Any CPU
		{D801411B-8DC5-4B58-883D-B76E970E6645}.Debug|Windows Phone (Universal).Build.0 = Debug|Any CPU
		{D801411B-8DC5-4B58-883D-B76E970E6645}.Debug|Windows Phone 8.ActiveCfg = Debug|Any CPU
		{D801411B-8DC5-4B58-883D-B76E970E6645}.Debug|Windows Phone 8.Build.0 = Debug|Any CPU
		{D801411B-8DC5-4B58-883D-B76E970E6645}.Debug|Windows-AnyCPU.ActiveCfg = Debug|Any CPU
		{D801411B-8DC5-4B58-883D-B76E970E6645}.Debug|Windows-AnyCPU.Build.0 = Debug|Any CPU
		{D801411B-8DC5-4B58-883D-B76E970E6645}.Debug|Windows-ARM.ActiveCfg = Debug|Any CPU
		{D801411B-8DC5-4B58-883D-B76E970E6645}.Debug|Windows-ARM.Build.0 = Debug|Any CPU
		{D801411B-8DC5-4B58-883D-B76E970E6645}.Debug|Windows-x64.ActiveCfg = Debug|Any CPU
		{D801411B-8DC5-4B58-883D-B76E970E6645}.Debug|Windows-x64.Build.0 = Debug|Any CPU
		{D801411B-8DC5-4B58-883D-B76E970E6645}.Debug|Windows-x86.ActiveCfg = Debug|Any CPU
		{D801411B-8DC5-4B58-883D-B76E970E6645}.Debug|Windows-x86.Build.0 = Debug|Any CPU
		{D801411B-8DC5-4B58-883D-B76E970E6645}.Release|Android.ActiveCfg = Release|Any CPU
		{D801411B-8DC5-4B58-883D-B76E970E6645}.Release|Android.Build.0 = Release|Any CPU
		{D801411B-8DC5-4B58-883D-B76E970E6645}.Release|Any CPU.ActiveCfg = Release|Any CPU
		{D801411B-8DC5-4B58-883D-B76E970E6645}.Release|Any CPU.Build.0 = Release|Any CPU
		{D801411B-8DC5-4B58-883D-B76E970E6645}.Release|iOS.ActiveCfg = Release|Any CPU
		{D801411B-8DC5-4B58-883D-B76E970E6645}.Release|iOS.Build.0 = Release|Any CPU
		{D801411B-8DC5-4B58-883D-B76E970E6645}.Release|Windows Phone (Universal).ActiveCfg = Release|Any CPU
		{D801411B-8DC5-4B58-883D-B76E970E6645}.Release|Windows Phone (Universal).Build.0 = Release|Any CPU
		{D801411B-8DC5-4B58-883D-B76E970E6645}.Release|Windows Phone 8.ActiveCfg = Release|Any CPU
		{D801411B-8DC5-4B58-883D-B76E970E6645}.Release|Windows Phone 8.Build.0 = Release|Any CPU
		{D801411B-8DC5-4B58-883D-B76E970E6645}.Release|Windows-AnyCPU.ActiveCfg = Release|Any CPU
		{D801411B-8DC5-4B58-883D-B76E970E6645}.Release|Windows-AnyCPU.Build.0 = Release|Any CPU
		{D801411B-8DC5-4B58-883D-B76E970E6645}.Release|Windows-ARM.ActiveCfg = Release|Any CPU
		{D801411B-8DC5-4B58-883D-B76E970E6645}.Release|Windows-ARM.Build.0 = Release|Any CPU
		{D801411B-8DC5-4B58-883D-B76E970E6645}.Release|Windows-x64.ActiveCfg = Release|Any CPU
		{D801411B-8DC5-4B58-883D-B76E970E6645}.Release|Windows-x64.Build.0 = Release|Any CPU
		{D801411B-8DC5-4B58-883D-B76E970E6645}.Release|Windows-x86.ActiveCfg = Release|Any CPU
		{D801411B-8DC5-4B58-883D-B76E970E6645}.Release|Windows-x86.Build.0 = Release|Any CPU
		{AE2420F0-77DF-4EFE-842A-B9F35CA64B76}.Debug|Android.ActiveCfg = Debug|Any CPU
		{AE2420F0-77DF-4EFE-842A-B9F35CA64B76}.Debug|Android.Build.0 = Debug|Any CPU
		{AE2420F0-77DF-4EFE-842A-B9F35CA64B76}.Debug|Any CPU.ActiveCfg = Debug|Any CPU
		{AE2420F0-77DF-4EFE-842A-B9F35CA64B76}.Debug|Any CPU.Build.0 = Debug|Any CPU
		{AE2420F0-77DF-4EFE-842A-B9F35CA64B76}.Debug|iOS.ActiveCfg = Debug|Any CPU
		{AE2420F0-77DF-4EFE-842A-B9F35CA64B76}.Debug|iOS.Build.0 = Debug|Any CPU
		{AE2420F0-77DF-4EFE-842A-B9F35CA64B76}.Debug|Windows Phone (Universal).ActiveCfg = Debug|Any CPU
		{AE2420F0-77DF-4EFE-842A-B9F35CA64B76}.Debug|Windows Phone (Universal).Build.0 = Debug|Any CPU
		{AE2420F0-77DF-4EFE-842A-B9F35CA64B76}.Debug|Windows Phone 8.ActiveCfg = Debug|Any CPU
		{AE2420F0-77DF-4EFE-842A-B9F35CA64B76}.Debug|Windows Phone 8.Build.0 = Debug|Any CPU
		{AE2420F0-77DF-4EFE-842A-B9F35CA64B76}.Debug|Windows-AnyCPU.ActiveCfg = Debug|Any CPU
		{AE2420F0-77DF-4EFE-842A-B9F35CA64B76}.Debug|Windows-AnyCPU.Build.0 = Debug|Any CPU
		{AE2420F0-77DF-4EFE-842A-B9F35CA64B76}.Debug|Windows-ARM.ActiveCfg = Debug|Any CPU
		{AE2420F0-77DF-4EFE-842A-B9F35CA64B76}.Debug|Windows-ARM.Build.0 = Debug|Any CPU
		{AE2420F0-77DF-4EFE-842A-B9F35CA64B76}.Debug|Windows-x64.ActiveCfg = Debug|Any CPU
		{AE2420F0-77DF-4EFE-842A-B9F35CA64B76}.Debug|Windows-x64.Build.0 = Debug|Any CPU
		{AE2420F0-77DF-4EFE-842A-B9F35CA64B76}.Debug|Windows-x86.ActiveCfg = Debug|Any CPU
		{AE2420F0-77DF-4EFE-842A-B9F35CA64B76}.Debug|Windows-x86.Build.0 = Debug|Any CPU
		{AE2420F0-77DF-4EFE-842A-B9F35CA64B76}.Release|Android.ActiveCfg = Release|Any CPU
		{AE2420F0-77DF-4EFE-842A-B9F35CA64B76}.Release|Android.Build.0 = Release|Any CPU
		{AE2420F0-77DF-4EFE-842A-B9F35CA64B76}.Release|Any CPU.ActiveCfg = Release|Any CPU
		{AE2420F0-77DF-4EFE-842A-B9F35CA64B76}.Release|Any CPU.Build.0 = Release|Any CPU
		{AE2420F0-77DF-4EFE-842A-B9F35CA64B76}.Release|iOS.ActiveCfg = Release|Any CPU
		{AE2420F0-77DF-4EFE-842A-B9F35CA64B76}.Release|iOS.Build.0 = Release|Any CPU
		{AE2420F0-77DF-4EFE-842A-B9F35CA64B76}.Release|Windows Phone (Universal).ActiveCfg = Release|Any CPU
		{AE2420F0-77DF-4EFE-842A-B9F35CA64B76}.Release|Windows Phone (Universal).Build.0 = Release|Any CPU
		{AE2420F0-77DF-4EFE-842A-B9F35CA64B76}.Release|Windows Phone 8.ActiveCfg = Release|Any CPU
		{AE2420F0-77DF-4EFE-842A-B9F35CA64B76}.Release|Windows Phone 8.Build.0 = Release|Any CPU
		{AE2420F0-77DF-4EFE-842A-B9F35CA64B76}.Release|Windows-AnyCPU.ActiveCfg = Release|Any CPU
		{AE2420F0-77DF-4EFE-842A-B9F35CA64B76}.Release|Windows-AnyCPU.Build.0 = Release|Any CPU
		{AE2420F0-77DF-4EFE-842A-B9F35CA64B76}.Release|Windows-ARM.ActiveCfg = Release|Any CPU
		{AE2420F0-77DF-4EFE-842A-B9F35CA64B76}.Release|Windows-ARM.Build.0 = Release|Any CPU
		{AE2420F0-77DF-4EFE-842A-B9F35CA64B76}.Release|Windows-x64.ActiveCfg = Release|Any CPU
		{AE2420F0-77DF-4EFE-842A-B9F35CA64B76}.Release|Windows-x64.Build.0 = Release|Any CPU
		{AE2420F0-77DF-4EFE-842A-B9F35CA64B76}.Release|Windows-x86.ActiveCfg = Release|Any CPU
		{AE2420F0-77DF-4EFE-842A-B9F35CA64B76}.Release|Windows-x86.Build.0 = Release|Any CPU
		{559B02B3-C5A7-473B-A440-2C7FA72B7FF8}.Debug|Android.ActiveCfg = Debug|Any CPU
		{559B02B3-C5A7-473B-A440-2C7FA72B7FF8}.Debug|Android.Build.0 = Debug|Any CPU
		{559B02B3-C5A7-473B-A440-2C7FA72B7FF8}.Debug|Any CPU.ActiveCfg = Debug|Any CPU
		{559B02B3-C5A7-473B-A440-2C7FA72B7FF8}.Debug|Any CPU.Build.0 = Debug|Any CPU
		{559B02B3-C5A7-473B-A440-2C7FA72B7FF8}.Debug|iOS.ActiveCfg = Debug|Any CPU
		{559B02B3-C5A7-473B-A440-2C7FA72B7FF8}.Debug|iOS.Build.0 = Debug|Any CPU
		{559B02B3-C5A7-473B-A440-2C7FA72B7FF8}.Debug|Windows Phone (Universal).ActiveCfg = Debug|Any CPU
		{559B02B3-C5A7-473B-A440-2C7FA72B7FF8}.Debug|Windows Phone (Universal).Build.0 = Debug|Any CPU
		{559B02B3-C5A7-473B-A440-2C7FA72B7FF8}.Debug|Windows Phone 8.ActiveCfg = Debug|Any CPU
		{559B02B3-C5A7-473B-A440-2C7FA72B7FF8}.Debug|Windows Phone 8.Build.0 = Debug|Any CPU
		{559B02B3-C5A7-473B-A440-2C7FA72B7FF8}.Debug|Windows-AnyCPU.ActiveCfg = Debug|Any CPU
		{559B02B3-C5A7-473B-A440-2C7FA72B7FF8}.Debug|Windows-AnyCPU.Build.0 = Debug|Any CPU
		{559B02B3-C5A7-473B-A440-2C7FA72B7FF8}.Debug|Windows-ARM.ActiveCfg = Debug|Any CPU
		{559B02B3-C5A7-473B-A440-2C7FA72B7FF8}.Debug|Windows-ARM.Build.0 = Debug|Any CPU
		{559B02B3-C5A7-473B-A440-2C7FA72B7FF8}.Debug|Windows-x64.ActiveCfg = Debug|Any CPU
		{559B02B3-C5A7-473B-A440-2C7FA72B7FF8}.Debug|Windows-x64.Build.0 = Debug|Any CPU
		{559B02B3-C5A7-473B-A440-2C7FA72B7FF8}.Debug|Windows-x86.ActiveCfg = Debug|Any CPU
		{559B02B3-C5A7-473B-A440-2C7FA72B7FF8}.Debug|Windows-x86.Build.0 = Debug|Any CPU
		{559B02B3-C5A7-473B-A440-2C7FA72B7FF8}.Release|Android.ActiveCfg = Release|Any CPU
		{559B02B3-C5A7-473B-A440-2C7FA72B7FF8}.Release|Android.Build.0 = Release|Any CPU
		{559B02B3-C5A7-473B-A440-2C7FA72B7FF8}.Release|Any CPU.ActiveCfg = Release|Any CPU
		{559B02B3-C5A7-473B-A440-2C7FA72B7FF8}.Release|Any CPU.Build.0 = Release|Any CPU
		{559B02B3-C5A7-473B-A440-2C7FA72B7FF8}.Release|iOS.ActiveCfg = Release|Any CPU
		{559B02B3-C5A7-473B-A440-2C7FA72B7FF8}.Release|iOS.Build.0 = Release|Any CPU
		{559B02B3-C5A7-473B-A440-2C7FA72B7FF8}.Release|Windows Phone (Universal).ActiveCfg = Release|Any CPU
		{559B02B3-C5A7-473B-A440-2C7FA72B7FF8}.Release|Windows Phone (Universal).Build.0 = Release|Any CPU
		{559B02B3-C5A7-473B-A440-2C7FA72B7FF8}.Release|Windows Phone 8.ActiveCfg = Release|Any CPU
		{559B02B3-C5A7-473B-A440-2C7FA72B7FF8}.Release|Windows Phone 8.Build.0 = Release|Any CPU
		{559B02B3-C5A7-473B-A440-2C7FA72B7FF8}.Release|Windows-AnyCPU.ActiveCfg = Release|Any CPU
		{559B02B3-C5A7-473B-A440-2C7FA72B7FF8}.Release|Windows-AnyCPU.Build.0 = Release|Any CPU
		{559B02B3-C5A7-473B-A440-2C7FA72B7FF8}.Release|Windows-ARM.ActiveCfg = Release|Any CPU
		{559B02B3-C5A7-473B-A440-2C7FA72B7FF8}.Release|Windows-ARM.Build.0 = Release|Any CPU
		{559B02B3-C5A7-473B-A440-2C7FA72B7FF8}.Release|Windows-x64.ActiveCfg = Release|Any CPU
		{559B02B3-C5A7-473B-A440-2C7FA72B7FF8}.Release|Windows-x64.Build.0 = Release|Any CPU
		{559B02B3-C5A7-473B-A440-2C7FA72B7FF8}.Release|Windows-x86.ActiveCfg = Release|Any CPU
		{559B02B3-C5A7-473B-A440-2C7FA72B7FF8}.Release|Windows-x86.Build.0 = Release|Any CPU
	EndGlobalSection
	GlobalSection(SolutionProperties) = preSolution
		HideSolutionNode = FALSE
	EndGlobalSection
	GlobalSection(TeamFoundationVersionControl) = preSolution
		SccNumberOfProjects = 15
		SccEnterpriseProvider = {4CA58AB2-18FA-4F8D-95D4-32DDF27D184C}
		SccTeamFoundationServer = https://lopezjesus.visualstudio.com/defaultcollection
		SccLocalPath0 = .
		SccProjectUniqueName1 = Leon\\Leon.jsproj
		SccProjectName1 = Leon
		SccLocalPath1 = Leon
		SccProjectUniqueName2 = LeonAPI\\LeonAPI.csproj
		SccProjectName2 = LeonAPI
		SccLocalPath2 = LeonAPI
		SccProjectUniqueName3 = LeonModels\\LeonModels.csproj
		SccProjectName3 = LeonModels
		SccLocalPath3 = LeonModels
		SccProjectUniqueName4 = LeonAdmin\\LeonAdmin.jsproj
		SccProjectName4 = LeonAdmin
		SccLocalPath4 = LeonAdmin
		SccProjectUniqueName5 = ImportCities\\ImportCities.csproj
		SccProjectName5 = ImportCities
		SccLocalPath5 = ImportCities
		SccProjectUniqueName6 = WValidicUserImport\\WValidicUserImport.csproj
		SccProjectName6 = WValidicUserImport
		SccLocalPath6 = WValidicUserImport
		SccProjectUniqueName7 = WValidicImport\\WValidicImport.csproj
		SccProjectName7 = WValidicImport
		SccLocalPath7 = WValidicImport
		SccProjectUniqueName8 = UserFirstTime\\UserFirstTime.csproj
		SccProjectName8 = UserFirstTime
		SccLocalPath8 = UserFirstTime
		SccProjectUniqueName9 = ValidicUpdate\\ValidicUpdate.csproj
		SccProjectName9 = ValidicUpdate
		SccLocalPath9 = ValidicUpdate
		SccProjectUniqueName10 = LeonAPICalculations\\LeonAPICalculations.csproj
		SccProjectName10 = LeonAPICalculations
		SccLocalPath10 = LeonAPICalculations
		SccProjectUniqueName11 = LeonAPICalculationsTest\\LeonAPICalculationsTest.csproj
		SccProjectName11 = LeonAPICalculationsTest
		SccLocalPath11 = LeonAPICalculationsTest
		SccProjectUniqueName12 = LeonRemainsDailyQuestionary\\LeonReminderDailyQuestionary.csproj
		SccProjectName12 = LeonRemainsDailyQuestionary
		SccLocalPath12 = LeonRemainsDailyQuestionary
		SccProjectUniqueName13 = LeonAPI.Test\\LeonAPI.Test.csproj
		SccProjectName13 = LeonAPI.Test
		SccLocalPath13 = LeonAPI.Test
		SccProjectUniqueName14 = LeonDailyData\\LeonDailyData.csproj
		SccProjectName14 = LeonDailyData
		SccLocalPath14 = LeonDailyData
	EndGlobalSection
EndGlobal
